
Microsoft Visual Studio Solution File, Format Version 12.00
# Visual Studio Version 16
VisualStudioVersion = 16.0.30711.63
MinimumVisualStudioVersion = 10.0.40219.1
Project("{FAE04EC0-301F-11D3-BF4B-00C04F79EFBC}") = "exam001", "exam001\exam001.csproj", "{89072547-BE1F-4EE9-8BB4-393D7B555085}"
EndProject
Global
	GlobalSection(SolutionConfigurationPlatforms) = preSolution
		Debug|Any CPU = Debug|Any CPU
		Release|Any CPU = Release|Any CPU
	EndGlobalSection
	GlobalSection(ProjectConfigurationPlatforms) = postSolution
		{89072547-BE1F-4EE9-8BB4-393D7B555085}.Debug|Any CPU.ActiveCfg = Debug|Any CPU
		{89072547-BE1F-4EE9-8BB4-393D7B555085}.Debug|Any CPU.Build.0 = Debug|Any CPU
		{89072547-BE1F-4EE9-8BB4-393D7B555085}.Release|Any CPU.ActiveCfg = Release|Any CPU
		{89072547-BE1F-4EE9-8BB4-393D7B555085}.Release|Any CPU.Build.0 = Release|Any CPU
	EndGlobalSection
	GlobalSection(SolutionProperties) = preSolution
		HideSolutionNode = FALSE
	EndGlobalSection
	GlobalSection(ExtensibilityGlobals) = postSolution
		SolutionGuid = {5098A749-CA60-4B15-AC29-84D7D2ECF44A}
	EndGlobalSection
EndGlobal
